// !$*UTF8*$!
{
	archiveVersion = 1;
	classes = {
	};
	objectVersion = 48;
	objects = {

/* Begin PBXBuildFile section */
		75BEF65F1FE0E203003DCBCB /* AppDelegate.swift in Sources */ = {isa = PBXBuildFile; fileRef = 75BEF65E1FE0E203003DCBCB /* AppDelegate.swift */; };
		75BEF6611FE0E203003DCBCB /* ViewController.swift in Sources */ = {isa = PBXBuildFile; fileRef = 75BEF6601FE0E203003DCBCB /* ViewController.swift */; };
		75BEF6641FE0E203003DCBCB /* Main.storyboard in Resources */ = {isa = PBXBuildFile; fileRef = 75BEF6621FE0E203003DCBCB /* Main.storyboard */; };
		75BEF6661FE0E203003DCBCB /* Assets.xcassets in Resources */ = {isa = PBXBuildFile; fileRef = 75BEF6651FE0E203003DCBCB /* Assets.xcassets */; };
		75BEF6691FE0E203003DCBCB /* LaunchScreen.storyboard in Resources */ = {isa = PBXBuildFile; fileRef = 75BEF6671FE0E203003DCBCB /* LaunchScreen.storyboard */; };
		75BEF6731FE0E64E003DCBCB /* Siesta+SwiftyJSON.swift in Sources */ = {isa = PBXBuildFile; fileRef = 75BEF6721FE0E64E003DCBCB /* Siesta+SwiftyJSON.swift */; };
		75BEF6791FE0E680003DCBCB /* Siesta.framework in Frameworks */ = {isa = PBXBuildFile; fileRef = 75BEF6751FE0E680003DCBCB /* Siesta.framework */; };
		75BEF67A1FE0E680003DCBCB /* SwiftyJSON.framework in Frameworks */ = {isa = PBXBuildFile; fileRef = 75BEF6761FE0E680003DCBCB /* SwiftyJSON.framework */; };
		75BEF67B1FE0E680003DCBCB /* PureLayout.framework in Frameworks */ = {isa = PBXBuildFile; fileRef = 75BEF6771FE0E680003DCBCB /* PureLayout.framework */; };
		75BEF67C1FE0E680003DCBCB /* Alamofire.framework in Frameworks */ = {isa = PBXBuildFile; fileRef = 75BEF6781FE0E680003DCBCB /* Alamofire.framework */; };
		75BEF67E1FE0E691003DCBCB /* Siesta+Alamofire.swift in Sources */ = {isa = PBXBuildFile; fileRef = 75BEF67D1FE0E691003DCBCB /* Siesta+Alamofire.swift */; };
		75BEF6811FE0E80A003DCBCB /* API.swift in Sources */ = {isa = PBXBuildFile; fileRef = 75BEF6801FE0E80A003DCBCB /* API.swift */; };
		75BEF6831FE0EC62003DCBCB /* Siesta+ParamsJSON.swift in Sources */ = {isa = PBXBuildFile; fileRef = 75BEF6821FE0EC62003DCBCB /* Siesta+ParamsJSON.swift */; };
		75FB45D01FE0F3BA001D49F9 /* Params.swift in Sources */ = {isa = PBXBuildFile; fileRef = 75FB45CF1FE0F3BA001D49F9 /* Params.swift */; };
		75FB45D31FE0F834001D49F9 /* globals.swift in Sources */ = {isa = PBXBuildFile; fileRef = 75FB45D21FE0F834001D49F9 /* globals.swift */; };
		AD01A999215CA3C900497BA8 /* FirelinkTests.swift in Sources */ = {isa = PBXBuildFile; fileRef = 75FB45DA1FE0F91B001D49F9 /* FirelinkTests.swift */; };
		AD01A99A215CA3CD00497BA8 /* BDD.swift in Sources */ = {isa = PBXBuildFile; fileRef = AD595ED72089DABF002AC966 /* BDD.swift */; };
		AD01A99B215CA49800497BA8 /* Nimble.framework in Frameworks */ = {isa = PBXBuildFile; fileRef = ADFC6035205F84600081A40D /* Nimble.framework */; };
		AD096D47216B023C009BCE43 /* Orm.swift in Sources */ = {isa = PBXBuildFile; fileRef = AD096D46216B023C009BCE43 /* Orm.swift */; };
		AD28A033205FBEE000FD00D3 /* Rx.swift in Sources */ = {isa = PBXBuildFile; fileRef = AD28A032205FBEE000FD00D3 /* Rx.swift */; };
		AD595F29208EDCB0002AC966 /* Loc.swift in Sources */ = {isa = PBXBuildFile; fileRef = AD595F28208EDCB0002AC966 /* Loc.swift */; };
		AD9B90382139403A00F0A644 /* Future.swift in Sources */ = {isa = PBXBuildFile; fileRef = AD9B90372139403A00F0A644 /* Future.swift */; };
		AD9B903A213CDBCE00F0A644 /* SearchCell.swift in Sources */ = {isa = PBXBuildFile; fileRef = AD9B9039213CDBCE00F0A644 /* SearchCell.swift */; };
		ADA512B6215DCF050020078F /* SQLite.framework in Frameworks */ = {isa = PBXBuildFile; fileRef = ADA512B5215DCF050020078F /* SQLite.framework */; };
		ADC256FF209FF15A000F2FE8 /* SCTableView.swift in Sources */ = {isa = PBXBuildFile; fileRef = ADC256FE209FF15A000F2FE8 /* SCTableView.swift */; };
		ADC2570120A180A0000F2FE8 /* SCButton.swift in Sources */ = {isa = PBXBuildFile; fileRef = ADC2570020A180A0000F2FE8 /* SCButton.swift */; };
/* End PBXBuildFile section */

/* Begin PBXContainerItemProxy section */
		AD01A994215CA38700497BA8 /* PBXContainerItemProxy */ = {
			isa = PBXContainerItemProxy;
			containerPortal = 75BEF6531FE0E203003DCBCB /* Project object */;
			proxyType = 1;
			remoteGlobalIDString = 75BEF65A1FE0E203003DCBCB;
			remoteInfo = Firelink;
		};
/* End PBXContainerItemProxy section */

/* Begin PBXFileReference section */
		75BEF65B1FE0E203003DCBCB /* Firelink.app */ = {isa = PBXFileReference; explicitFileType = wrapper.application; includeInIndex = 0; path = Firelink.app; sourceTree = BUILT_PRODUCTS_DIR; };
		75BEF65E1FE0E203003DCBCB /* AppDelegate.swift */ = {isa = PBXFileReference; lastKnownFileType = sourcecode.swift; path = AppDelegate.swift; sourceTree = "<group>"; };
		75BEF6601FE0E203003DCBCB /* ViewController.swift */ = {isa = PBXFileReference; lastKnownFileType = sourcecode.swift; path = ViewController.swift; sourceTree = "<group>"; };
		75BEF6631FE0E203003DCBCB /* Base */ = {isa = PBXFileReference; lastKnownFileType = file.storyboard; name = Base; path = Base.lproj/Main.storyboard; sourceTree = "<group>"; };
		75BEF6651FE0E203003DCBCB /* Assets.xcassets */ = {isa = PBXFileReference; lastKnownFileType = folder.assetcatalog; path = Assets.xcassets; sourceTree = "<group>"; };
		75BEF6681FE0E203003DCBCB /* Base */ = {isa = PBXFileReference; lastKnownFileType = file.storyboard; name = Base; path = Base.lproj/LaunchScreen.storyboard; sourceTree = "<group>"; };
		75BEF66A1FE0E203003DCBCB /* Info.plist */ = {isa = PBXFileReference; lastKnownFileType = text.plist.xml; path = Info.plist; sourceTree = "<group>"; };
		75BEF6721FE0E64E003DCBCB /* Siesta+SwiftyJSON.swift */ = {isa = PBXFileReference; lastKnownFileType = sourcecode.swift; path = "Siesta+SwiftyJSON.swift"; sourceTree = "<group>"; };
		75BEF6751FE0E680003DCBCB /* Siesta.framework */ = {isa = PBXFileReference; lastKnownFileType = wrapper.framework; name = Siesta.framework; path = Carthage/Build/iOS/Siesta.framework; sourceTree = "<group>"; };
		75BEF6761FE0E680003DCBCB /* SwiftyJSON.framework */ = {isa = PBXFileReference; lastKnownFileType = wrapper.framework; name = SwiftyJSON.framework; path = Carthage/Build/iOS/SwiftyJSON.framework; sourceTree = "<group>"; };
		75BEF6771FE0E680003DCBCB /* PureLayout.framework */ = {isa = PBXFileReference; lastKnownFileType = wrapper.framework; name = PureLayout.framework; path = Carthage/Build/iOS/PureLayout.framework; sourceTree = "<group>"; };
		75BEF6781FE0E680003DCBCB /* Alamofire.framework */ = {isa = PBXFileReference; lastKnownFileType = wrapper.framework; name = Alamofire.framework; path = Carthage/Build/iOS/Alamofire.framework; sourceTree = "<group>"; };
		75BEF67D1FE0E691003DCBCB /* Siesta+Alamofire.swift */ = {isa = PBXFileReference; lastKnownFileType = sourcecode.swift; path = "Siesta+Alamofire.swift"; sourceTree = "<group>"; };
		75BEF6801FE0E80A003DCBCB /* API.swift */ = {isa = PBXFileReference; lastKnownFileType = sourcecode.swift; path = API.swift; sourceTree = "<group>"; };
		75BEF6821FE0EC62003DCBCB /* Siesta+ParamsJSON.swift */ = {isa = PBXFileReference; lastKnownFileType = sourcecode.swift; path = "Siesta+ParamsJSON.swift"; sourceTree = "<group>"; };
		75FB45CF1FE0F3BA001D49F9 /* Params.swift */ = {isa = PBXFileReference; lastKnownFileType = sourcecode.swift; path = Params.swift; sourceTree = "<group>"; };
		75FB45D21FE0F834001D49F9 /* globals.swift */ = {isa = PBXFileReference; lastKnownFileType = sourcecode.swift; path = globals.swift; sourceTree = "<group>"; };
		75FB45DA1FE0F91B001D49F9 /* FirelinkTests.swift */ = {isa = PBXFileReference; lastKnownFileType = sourcecode.swift; path = FirelinkTests.swift; sourceTree = "<group>"; };
		AD01A98F215CA38700497BA8 /* FirelinkTests.xctest */ = {isa = PBXFileReference; explicitFileType = wrapper.cfbundle; includeInIndex = 0; path = FirelinkTests.xctest; sourceTree = BUILT_PRODUCTS_DIR; };
		AD01A993215CA38700497BA8 /* Info.plist */ = {isa = PBXFileReference; lastKnownFileType = text.plist.xml; path = Info.plist; sourceTree = "<group>"; };
		AD096D46216B023C009BCE43 /* Orm.swift */ = {isa = PBXFileReference; lastKnownFileType = sourcecode.swift; name = Orm.swift; path = Orm/Orm.swift; sourceTree = SOURCE_ROOT; };
		AD28A032205FBEE000FD00D3 /* Rx.swift */ = {isa = PBXFileReference; lastKnownFileType = sourcecode.swift; path = Rx.swift; sourceTree = "<group>"; };
		AD595ED72089DABF002AC966 /* BDD.swift */ = {isa = PBXFileReference; lastKnownFileType = sourcecode.swift; path = BDD.swift; sourceTree = "<group>"; };
		AD595F28208EDCB0002AC966 /* Loc.swift */ = {isa = PBXFileReference; lastKnownFileType = sourcecode.swift; path = Loc.swift; sourceTree = "<group>"; };
		AD9B90372139403A00F0A644 /* Future.swift */ = {isa = PBXFileReference; lastKnownFileType = sourcecode.swift; path = Future.swift; sourceTree = "<group>"; };
		AD9B9039213CDBCE00F0A644 /* SearchCell.swift */ = {isa = PBXFileReference; lastKnownFileType = sourcecode.swift; path = SearchCell.swift; sourceTree = "<group>"; };
		ADA512B5215DCF050020078F /* SQLite.framework */ = {isa = PBXFileReference; lastKnownFileType = wrapper.framework; name = SQLite.framework; path = Carthage/Build/iOS/SQLite.framework; sourceTree = "<group>"; };
		ADC256FE209FF15A000F2FE8 /* SCTableView.swift */ = {isa = PBXFileReference; lastKnownFileType = sourcecode.swift; path = SCTableView.swift; sourceTree = "<group>"; };
		ADC2570020A180A0000F2FE8 /* SCButton.swift */ = {isa = PBXFileReference; lastKnownFileType = sourcecode.swift; path = SCButton.swift; sourceTree = "<group>"; };
		ADFC6035205F84600081A40D /* Nimble.framework */ = {isa = PBXFileReference; lastKnownFileType = wrapper.framework; name = Nimble.framework; path = Carthage/Build/iOS/Nimble.framework; sourceTree = "<group>"; };
		ADFC603A205FAA300081A40D /* Nimble.framework */ = {isa = PBXFileReference; lastKnownFileType = wrapper.framework; name = Nimble.framework; path = Carthage/Build/iOS/Nimble.framework; sourceTree = "<group>"; };
/* End PBXFileReference section */

/* Begin PBXFrameworksBuildPhase section */
		75BEF6581FE0E203003DCBCB /* Frameworks */ = {
			isa = PBXFrameworksBuildPhase;
			buildActionMask = 2147483647;
			files = (
				ADA512B6215DCF050020078F /* SQLite.framework in Frameworks */,
				75BEF6791FE0E680003DCBCB /* Siesta.framework in Frameworks */,
				75BEF67A1FE0E680003DCBCB /* SwiftyJSON.framework in Frameworks */,
				75BEF67B1FE0E680003DCBCB /* PureLayout.framework in Frameworks */,
				75BEF67C1FE0E680003DCBCB /* Alamofire.framework in Frameworks */,
			);
			runOnlyForDeploymentPostprocessing = 0;
		};
		AD01A98C215CA38700497BA8 /* Frameworks */ = {
			isa = PBXFrameworksBuildPhase;
			buildActionMask = 2147483647;
			files = (
				AD01A99B215CA49800497BA8 /* Nimble.framework in Frameworks */,
			);
			runOnlyForDeploymentPostprocessing = 0;
		};
/* End PBXFrameworksBuildPhase section */

/* Begin PBXGroup section */
		75BEF6521FE0E203003DCBCB = {
			isa = PBXGroup;
			children = (
				AD096D48216EF20A009BCE43 /* Orm */,
				ADC256FD209FF12E000F2FE8 /* SwiftyCocoa */,
				AD595F27208EDBC0002AC966 /* Loc */,
				AD28A02F205FBDE800FD00D3 /* Rx */,
				ADFC603A205FAA300081A40D /* Nimble.framework */,
				75FB45D11FE0F828001D49F9 /* Global */,
				75BEF67F1FE0E7FD003DCBCB /* Networking */,
				75BEF6711FE0E62C003DCBCB /* Extension */,
				75BEF65D1FE0E203003DCBCB /* Firelink */,
				AD01A990215CA38700497BA8 /* FirelinkTests */,
				75BEF65C1FE0E203003DCBCB /* Products */,
				75BEF6741FE0E67F003DCBCB /* Frameworks */,
			);
			sourceTree = "<group>";
		};
		75BEF65C1FE0E203003DCBCB /* Products */ = {
			isa = PBXGroup;
			children = (
				75BEF65B1FE0E203003DCBCB /* Firelink.app */,
				AD01A98F215CA38700497BA8 /* FirelinkTests.xctest */,
			);
			name = Products;
			sourceTree = "<group>";
		};
		75BEF65D1FE0E203003DCBCB /* Firelink */ = {
			isa = PBXGroup;
			children = (
				75BEF65E1FE0E203003DCBCB /* AppDelegate.swift */,
				75BEF6601FE0E203003DCBCB /* ViewController.swift */,
				75BEF6621FE0E203003DCBCB /* Main.storyboard */,
				75BEF6651FE0E203003DCBCB /* Assets.xcassets */,
				75BEF6671FE0E203003DCBCB /* LaunchScreen.storyboard */,
				75BEF66A1FE0E203003DCBCB /* Info.plist */,
				AD9B9039213CDBCE00F0A644 /* SearchCell.swift */,
			);
			path = Firelink;
			sourceTree = "<group>";
		};
		75BEF6711FE0E62C003DCBCB /* Extension */ = {
			isa = PBXGroup;
			children = (
				75BEF6721FE0E64E003DCBCB /* Siesta+SwiftyJSON.swift */,
				75BEF67D1FE0E691003DCBCB /* Siesta+Alamofire.swift */,
				75BEF6821FE0EC62003DCBCB /* Siesta+ParamsJSON.swift */,
			);
			path = Extension;
			sourceTree = "<group>";
		};
		75BEF6741FE0E67F003DCBCB /* Frameworks */ = {
			isa = PBXGroup;
			children = (
				ADA512B5215DCF050020078F /* SQLite.framework */,
				ADFC6035205F84600081A40D /* Nimble.framework */,
				75BEF6781FE0E680003DCBCB /* Alamofire.framework */,
				75BEF6771FE0E680003DCBCB /* PureLayout.framework */,
				75BEF6751FE0E680003DCBCB /* Siesta.framework */,
				75BEF6761FE0E680003DCBCB /* SwiftyJSON.framework */,
			);
			name = Frameworks;
			sourceTree = "<group>";
		};
		75BEF67F1FE0E7FD003DCBCB /* Networking */ = {
			isa = PBXGroup;
			children = (
				75BEF6801FE0E80A003DCBCB /* API.swift */,
				75FB45CF1FE0F3BA001D49F9 /* Params.swift */,
			);
			path = Networking;
			sourceTree = "<group>";
		};
		75FB45D11FE0F828001D49F9 /* Global */ = {
			isa = PBXGroup;
			children = (
				75FB45D21FE0F834001D49F9 /* globals.swift */,
			);
			path = Global;
			sourceTree = "<group>";
		};
		AD01A990215CA38700497BA8 /* FirelinkTests */ = {
			isa = PBXGroup;
			children = (
				75FB45DA1FE0F91B001D49F9 /* FirelinkTests.swift */,
				AD595ED72089DABF002AC966 /* BDD.swift */,
				AD01A993215CA38700497BA8 /* Info.plist */,
			);
			path = FirelinkTests;
			sourceTree = "<group>";
		};
		AD096D48216EF20A009BCE43 /* Orm */ = {
			isa = PBXGroup;
			children = (
				AD096D46216B023C009BCE43 /* Orm.swift */,
			);
			path = Orm;
			sourceTree = "<group>";
		};
		AD28A02F205FBDE800FD00D3 /* Rx */ = {
			isa = PBXGroup;
			children = (
				AD28A032205FBEE000FD00D3 /* Rx.swift */,
				AD9B90372139403A00F0A644 /* Future.swift */,
			);
			path = Rx;
			sourceTree = "<group>";
		};
		AD595F27208EDBC0002AC966 /* Loc */ = {
			isa = PBXGroup;
			children = (
				AD595F28208EDCB0002AC966 /* Loc.swift */,
			);
			path = Loc;
			sourceTree = "<group>";
		};
		ADC256FD209FF12E000F2FE8 /* SwiftyCocoa */ = {
			isa = PBXGroup;
			children = (
				ADC256FE209FF15A000F2FE8 /* SCTableView.swift */,
				ADC2570020A180A0000F2FE8 /* SCButton.swift */,
			);
			path = SwiftyCocoa;
			sourceTree = "<group>";
		};
/* End PBXGroup section */

/* Begin PBXNativeTarget section */
		75BEF65A1FE0E203003DCBCB /* Firelink */ = {
			isa = PBXNativeTarget;
			buildConfigurationList = 75BEF66D1FE0E203003DCBCB /* Build configuration list for PBXNativeTarget "Firelink" */;
			buildPhases = (
				75BEF6571FE0E203003DCBCB /* Sources */,
				75BEF6581FE0E203003DCBCB /* Frameworks */,
				75BEF6591FE0E203003DCBCB /* Resources */,
				75BEF6701FE0E4EE003DCBCB /* ShellScript */,
			);
			buildRules = (
			);
			dependencies = (
			);
			name = Firelink;
			productName = DevTemplate;
			productReference = 75BEF65B1FE0E203003DCBCB /* Firelink.app */;
			productType = "com.apple.product-type.application";
		};
		AD01A98E215CA38700497BA8 /* FirelinkTests */ = {
			isa = PBXNativeTarget;
			buildConfigurationList = AD01A996215CA38700497BA8 /* Build configuration list for PBXNativeTarget "FirelinkTests" */;
			buildPhases = (
				AD01A98B215CA38700497BA8 /* Sources */,
				AD01A98C215CA38700497BA8 /* Frameworks */,
				AD01A98D215CA38700497BA8 /* Resources */,
			);
			buildRules = (
			);
			dependencies = (
				AD01A995215CA38700497BA8 /* PBXTargetDependency */,
			);
			name = FirelinkTests;
			productName = FirelinkTests;
			productReference = AD01A98F215CA38700497BA8 /* FirelinkTests.xctest */;
			productType = "com.apple.product-type.bundle.unit-test";
		};
/* End PBXNativeTarget section */

/* Begin PBXProject section */
		75BEF6531FE0E203003DCBCB /* Project object */ = {
			isa = PBXProject;
			attributes = {
				DefaultBuildSystemTypeForWorkspace = Latest;
				LastSwiftUpdateCheck = 1000;
				LastUpgradeCheck = 0940;
				ORGANIZATIONNAME = jimlai;
				TargetAttributes = {
					75BEF65A1FE0E203003DCBCB = {
						CreatedOnToolsVersion = 9.2;
						LastSwiftMigration = 1000;
						ProvisioningStyle = Automatic;
					};
					AD01A98E215CA38700497BA8 = {
						CreatedOnToolsVersion = 10.0;
						ProvisioningStyle = Automatic;
						TestTargetID = 75BEF65A1FE0E203003DCBCB;
					};
				};
			};
			buildConfigurationList = 75BEF6561FE0E203003DCBCB /* Build configuration list for PBXProject "Firelink" */;
			compatibilityVersion = "Xcode 8.0";
			developmentRegion = en;
			hasScannedForEncodings = 0;
			knownRegions = (
				en,
				Base,
			);
			mainGroup = 75BEF6521FE0E203003DCBCB;
			productRefGroup = 75BEF65C1FE0E203003DCBCB /* Products */;
			projectDirPath = "";
			projectRoot = "";
			targets = (
				75BEF65A1FE0E203003DCBCB /* Firelink */,
				AD01A98E215CA38700497BA8 /* FirelinkTests */,
			);
		};
/* End PBXProject section */

/* Begin PBXResourcesBuildPhase section */
		75BEF6591FE0E203003DCBCB /* Resources */ = {
			isa = PBXResourcesBuildPhase;
			buildActionMask = 2147483647;
			files = (
				75BEF6691FE0E203003DCBCB /* LaunchScreen.storyboard in Resources */,
				75BEF6661FE0E203003DCBCB /* Assets.xcassets in Resources */,
				75BEF6641FE0E203003DCBCB /* Main.storyboard in Resources */,
			);
			runOnlyForDeploymentPostprocessing = 0;
		};
		AD01A98D215CA38700497BA8 /* Resources */ = {
			isa = PBXResourcesBuildPhase;
			buildActionMask = 2147483647;
			files = (
			);
			runOnlyForDeploymentPostprocessing = 0;
		};
/* End PBXResourcesBuildPhase section */

/* Begin PBXShellScriptBuildPhase section */
		75BEF6701FE0E4EE003DCBCB /* ShellScript */ = {
			isa = PBXShellScriptBuildPhase;
			buildActionMask = 2147483647;
			files = (
			);
			inputPaths = (
				"$(SRCROOT)/Carthage/Build/iOS/Alamofire.framework",
				"$(SRCROOT)/Carthage/Build/iOS/PureLayout.framework",
				"$(SRCROOT)/Carthage/Build/iOS/SwiftyJSON.framework",
				"$(SRCROOT)/Carthage/Build/iOS/Siesta.framework",
				"$(SRCROOT)/Carthage/Build/iOS/SQLite.framework",
			);
			outputPaths = (
				"$(BUILT_PRODUCTS_DIR)/$(FRAMEWORKS_FOLDER_PATH)/Alamofire.framework",
				"$(BUILT_PRODUCTS_DIR)/$(FRAMEWORKS_FOLDER_PATH)/PureLayout.framework",
				"$(BUILT_PRODUCTS_DIR)/$(FRAMEWORKS_FOLDER_PATH)/SwiftyJSON.framework",
				"$(BUILT_PRODUCTS_DIR)/$(FRAMEWORKS_FOLDER_PATH)/Siesta.framework",
				"$(BUILT_PRODUCTS_DIR)/$(FRAMEWORKS_FOLDER_PATH)/SQLite.framework",
			);
			runOnlyForDeploymentPostprocessing = 0;
			shellPath = /bin/sh;
			shellScript = "/usr/local/bin/carthage copy-frameworks\n";
		};
/* End PBXShellScriptBuildPhase section */

/* Begin PBXSourcesBuildPhase section */
		75BEF6571FE0E203003DCBCB /* Sources */ = {
			isa = PBXSourcesBuildPhase;
			buildActionMask = 2147483647;
			files = (
				75BEF6611FE0E203003DCBCB /* ViewController.swift in Sources */,
				AD9B90382139403A00F0A644 /* Future.swift in Sources */,
				75FB45D01FE0F3BA001D49F9 /* Params.swift in Sources */,
				AD9B903A213CDBCE00F0A644 /* SearchCell.swift in Sources */,
				AD595F29208EDCB0002AC966 /* Loc.swift in Sources */,
				AD28A033205FBEE000FD00D3 /* Rx.swift in Sources */,
				75BEF67E1FE0E691003DCBCB /* Siesta+Alamofire.swift in Sources */,
				75BEF6831FE0EC62003DCBCB /* Siesta+ParamsJSON.swift in Sources */,
				AD096D47216B023C009BCE43 /* Orm.swift in Sources */,
				ADC256FF209FF15A000F2FE8 /* SCTableView.swift in Sources */,
				75FB45D31FE0F834001D49F9 /* globals.swift in Sources */,
				75BEF6731FE0E64E003DCBCB /* Siesta+SwiftyJSON.swift in Sources */,
				75BEF65F1FE0E203003DCBCB /* AppDelegate.swift in Sources */,
				75BEF6811FE0E80A003DCBCB /* API.swift in Sources */,
				ADC2570120A180A0000F2FE8 /* SCButton.swift in Sources */,
			);
			runOnlyForDeploymentPostprocessing = 0;
		};
		AD01A98B215CA38700497BA8 /* Sources */ = {
			isa = PBXSourcesBuildPhase;
			buildActionMask = 2147483647;
			files = (
				AD01A99A215CA3CD00497BA8 /* BDD.swift in Sources */,
				AD01A999215CA3C900497BA8 /* FirelinkTests.swift in Sources */,
			);
			runOnlyForDeploymentPostprocessing = 0;
		};
/* End PBXSourcesBuildPhase section */

/* Begin PBXTargetDependency section */
		AD01A995215CA38700497BA8 /* PBXTargetDependency */ = {
			isa = PBXTargetDependency;
			target = 75BEF65A1FE0E203003DCBCB /* Firelink */;
			targetProxy = AD01A994215CA38700497BA8 /* PBXContainerItemProxy */;
		};
/* End PBXTargetDependency section */

/* Begin PBXVariantGroup section */
		75BEF6621FE0E203003DCBCB /* Main.storyboard */ = {
			isa = PBXVariantGroup;
			children = (
				75BEF6631FE0E203003DCBCB /* Base */,
			);
			name = Main.storyboard;
			sourceTree = "<group>";
		};
		75BEF6671FE0E203003DCBCB /* LaunchScreen.storyboard */ = {
			isa = PBXVariantGroup;
			children = (
				75BEF6681FE0E203003DCBCB /* Base */,
			);
			name = LaunchScreen.storyboard;
			sourceTree = "<group>";
		};
/* End PBXVariantGroup section */

/* Begin XCBuildConfiguration section */
		75BEF66B1FE0E203003DCBCB /* Debug */ = {
			isa = XCBuildConfiguration;
			buildSettings = {
				ALWAYS_SEARCH_USER_PATHS = NO;
				CLANG_ANALYZER_NONNULL = YES;
				CLANG_ANALYZER_NUMBER_OBJECT_CONVERSION = YES_AGGRESSIVE;
				CLANG_CXX_LANGUAGE_STANDARD = "gnu++14";
				CLANG_CXX_LIBRARY = "libc++";
				CLANG_ENABLE_MODULES = YES;
				CLANG_ENABLE_OBJC_ARC = YES;
				CLANG_WARN_BLOCK_CAPTURE_AUTORELEASING = YES;
				CLANG_WARN_BOOL_CONVERSION = YES;
				CLANG_WARN_COMMA = YES;
				CLANG_WARN_CONSTANT_CONVERSION = YES;
				CLANG_WARN_DEPRECATED_OBJC_IMPLEMENTATIONS = YES;
				CLANG_WARN_DIRECT_OBJC_ISA_USAGE = YES_ERROR;
				CLANG_WARN_DOCUMENTATION_COMMENTS = YES;
				CLANG_WARN_EMPTY_BODY = YES;
				CLANG_WARN_ENUM_CONVERSION = YES;
				CLANG_WARN_INFINITE_RECURSION = YES;
				CLANG_WARN_INT_CONVERSION = YES;
				CLANG_WARN_NON_LITERAL_NULL_CONVERSION = YES;
				CLANG_WARN_OBJC_IMPLICIT_RETAIN_SELF = YES;
				CLANG_WARN_OBJC_LITERAL_CONVERSION = YES;
				CLANG_WARN_OBJC_ROOT_CLASS = YES_ERROR;
				CLANG_WARN_RANGE_LOOP_ANALYSIS = YES;
				CLANG_WARN_STRICT_PROTOTYPES = YES;
				CLANG_WARN_SUSPICIOUS_MOVE = YES;
				CLANG_WARN_UNGUARDED_AVAILABILITY = YES_AGGRESSIVE;
				CLANG_WARN_UNREACHABLE_CODE = YES;
				CLANG_WARN__DUPLICATE_METHOD_MATCH = YES;
				CODE_SIGN_IDENTITY = "iPhone Developer";
				COPY_PHASE_STRIP = NO;
				DEBUG_INFORMATION_FORMAT = dwarf;
				ENABLE_STRICT_OBJC_MSGSEND = YES;
				ENABLE_TESTABILITY = YES;
				GCC_C_LANGUAGE_STANDARD = gnu11;
				GCC_DYNAMIC_NO_PIC = NO;
				GCC_NO_COMMON_BLOCKS = YES;
				GCC_OPTIMIZATION_LEVEL = 0;
				GCC_PREPROCESSOR_DEFINITIONS = (
					"DEBUG=1",
					"$(inherited)",
				);
				GCC_WARN_64_TO_32_BIT_CONVERSION = YES;
				GCC_WARN_ABOUT_RETURN_TYPE = YES_ERROR;
				GCC_WARN_UNDECLARED_SELECTOR = YES;
				GCC_WARN_UNINITIALIZED_AUTOS = YES_AGGRESSIVE;
				GCC_WARN_UNUSED_FUNCTION = YES;
				GCC_WARN_UNUSED_VARIABLE = YES;
				IPHONEOS_DEPLOYMENT_TARGET = 12.0;
				MTL_ENABLE_DEBUG_INFO = YES;
				ONLY_ACTIVE_ARCH = YES;
				SDKROOT = iphoneos;
				SWIFT_ACTIVE_COMPILATION_CONDITIONS = DEBUG;
				SWIFT_OPTIMIZATION_LEVEL = "-Onone";
			};
			name = Debug;
		};
		75BEF66C1FE0E203003DCBCB /* Release */ = {
			isa = XCBuildConfiguration;
			buildSettings = {
				ALWAYS_SEARCH_USER_PATHS = NO;
				CLANG_ANALYZER_NONNULL = YES;
				CLANG_ANALYZER_NUMBER_OBJECT_CONVERSION = YES_AGGRESSIVE;
				CLANG_CXX_LANGUAGE_STANDARD = "gnu++14";
				CLANG_CXX_LIBRARY = "libc++";
				CLANG_ENABLE_MODULES = YES;
				CLANG_ENABLE_OBJC_ARC = YES;
				CLANG_WARN_BLOCK_CAPTURE_AUTORELEASING = YES;
				CLANG_WARN_BOOL_CONVERSION = YES;
				CLANG_WARN_COMMA = YES;
				CLANG_WARN_CONSTANT_CONVERSION = YES;
				CLANG_WARN_DEPRECATED_OBJC_IMPLEMENTATIONS = YES;
				CLANG_WARN_DIRECT_OBJC_ISA_USAGE = YES_ERROR;
				CLANG_WARN_DOCUMENTATION_COMMENTS = YES;
				CLANG_WARN_EMPTY_BODY = YES;
				CLANG_WARN_ENUM_CONVERSION = YES;
				CLANG_WARN_INFINITE_RECURSION = YES;
				CLANG_WARN_INT_CONVERSION = YES;
				CLANG_WARN_NON_LITERAL_NULL_CONVERSION = YES;
				CLANG_WARN_OBJC_IMPLICIT_RETAIN_SELF = YES;
				CLANG_WARN_OBJC_LITERAL_CONVERSION = YES;
				CLANG_WARN_OBJC_ROOT_CLASS = YES_ERROR;
				CLANG_WARN_RANGE_LOOP_ANALYSIS = YES;
				CLANG_WARN_STRICT_PROTOTYPES = YES;
				CLANG_WARN_SUSPICIOUS_MOVE = YES;
				CLANG_WARN_UNGUARDED_AVAILABILITY = YES_AGGRESSIVE;
				CLANG_WARN_UNREACHABLE_CODE = YES;
				CLANG_WARN__DUPLICATE_METHOD_MATCH = YES;
				CODE_SIGN_IDENTITY = "iPhone Developer";
				COPY_PHASE_STRIP = NO;
				DEBUG_INFORMATION_FORMAT = "dwarf-with-dsym";
				ENABLE_NS_ASSERTIONS = NO;
				ENABLE_STRICT_OBJC_MSGSEND = YES;
				GCC_C_LANGUAGE_STANDARD = gnu11;
				GCC_NO_COMMON_BLOCKS = YES;
				GCC_WARN_64_TO_32_BIT_CONVERSION = YES;
				GCC_WARN_ABOUT_RETURN_TYPE = YES_ERROR;
				GCC_WARN_UNDECLARED_SELECTOR = YES;
				GCC_WARN_UNINITIALIZED_AUTOS = YES_AGGRESSIVE;
				GCC_WARN_UNUSED_FUNCTION = YES;
				GCC_WARN_UNUSED_VARIABLE = YES;
				IPHONEOS_DEPLOYMENT_TARGET = 12.0;
				MTL_ENABLE_DEBUG_INFO = NO;
				SDKROOT = iphoneos;
				SWIFT_OPTIMIZATION_LEVEL = "-Owholemodule";
				VALIDATE_PRODUCT = YES;
			};
			name = Release;
		};
		75BEF66E1FE0E203003DCBCB /* Debug */ = {
			isa = XCBuildConfiguration;
			buildSettings = {
				ASSETCATALOG_COMPILER_APPICON_NAME = AppIcon;
				CODE_SIGN_STYLE = Automatic;
				DEVELOPMENT_TEAM = 9859D64582;
				FRAMEWORK_SEARCH_PATHS = (
					"$(inherited)",
					"$(PROJECT_DIR)/Carthage/Build/iOS",
					"$(PROJECT_DIR)",
				);
				INFOPLIST_FILE = Firelink/Info.plist;
				LD_RUNPATH_SEARCH_PATHS = "$(inherited) @executable_path/Frameworks";
				"OTHER_SWIFT_FLAGS[arch=*]" = "-DDebug";
				PRODUCT_BUNDLE_IDENTIFIER = jimlai.Firelink;
				PRODUCT_NAME = "$(TARGET_NAME)";
				SWIFT_VERSION = 4.2;
				TARGETED_DEVICE_FAMILY = "1,2";
			};
			name = Debug;
		};
		75BEF66F1FE0E203003DCBCB /* Release */ = {
			isa = XCBuildConfiguration;
			buildSettings = {
				ASSETCATALOG_COMPILER_APPICON_NAME = AppIcon;
				CODE_SIGN_STYLE = Automatic;
				DEVELOPMENT_TEAM = 9859D64582;
				FRAMEWORK_SEARCH_PATHS = (
					"$(inherited)",
					"$(PROJECT_DIR)/Carthage/Build/iOS",
					"$(PROJECT_DIR)",
				);
				INFOPLIST_FILE = Firelink/Info.plist;
				LD_RUNPATH_SEARCH_PATHS = "$(inherited) @executable_path/Frameworks";
				PRODUCT_BUNDLE_IDENTIFIER = jimlai.Firelink;
				PRODUCT_NAME = "$(TARGET_NAME)";
				SWIFT_VERSION = 4.2;
				TARGETED_DEVICE_FAMILY = "1,2";
			};
			name = Release;
		};
		AD01A997215CA38700497BA8 /* Debug */ = {
			isa = XCBuildConfiguration;
			buildSettings = {
				BUNDLE_LOADER = "$(TEST_HOST)";
				CLANG_ENABLE_OBJC_WEAK = YES;
				CODE_SIGN_STYLE = Automatic;
				DEVELOPMENT_TEAM = 9859D64582;
				FRAMEWORK_SEARCH_PATHS = (
					"$(inherited)",
					"$(PROJECT_DIR)/Carthage/Build/iOS",
				);
				INFOPLIST_FILE = FirelinkTests/Info.plist;
				IPHONEOS_DEPLOYMENT_TARGET = 12.0;
				LD_RUNPATH_SEARCH_PATHS = "$(inherited) @executable_path/Frameworks @loader_path/Frameworks";
				MTL_ENABLE_DEBUG_INFO = INCLUDE_SOURCE;
				MTL_FAST_MATH = YES;
				PRODUCT_BUNDLE_IDENTIFIER = jimlai.FirelinkTests;
				PRODUCT_NAME = "$(TARGET_NAME)";
				SWIFT_VERSION = 4.2;
				TARGETED_DEVICE_FAMILY = "1,2";
				TEST_HOST = "$(BUILT_PRODUCTS_DIR)/Firelink.app/Firelink";
			};
			name = Debug;
		};
		AD01A998215CA38700497BA8 /* Release */ = {
			isa = XCBuildConfiguration;
			buildSettings = {
				BUNDLE_LOADER = "$(TEST_HOST)";
				CLANG_ENABLE_OBJC_WEAK = YES;
				CODE_SIGN_STYLE = Automatic;
				DEVELOPMENT_TEAM = 9859D64582;
				FRAMEWORK_SEARCH_PATHS = (
					"$(inherited)",
					"$(PROJECT_DIR)/Carthage/Build/iOS",
				);
				INFOPLIST_FILE = FirelinkTests/Info.plist;
				IPHONEOS_DEPLOYMENT_TARGET = 12.0;
				LD_RUNPATH_SEARCH_PATHS = "$(inherited) @executable_path/Frameworks @loader_path/Frameworks";
				MTL_FAST_MATH = YES;
				PRODUCT_BUNDLE_IDENTIFIER = jimlai.FirelinkTests;
				PRODUCT_NAME = "$(TARGET_NAME)";
				SWIFT_VERSION = 4.2;
				TARGETED_DEVICE_FAMILY = "1,2";
				TEST_HOST = "$(BUILT_PRODUCTS_DIR)/Firelink.app/Firelink";
			};
			name = Release;
		};
/* End XCBuildConfiguration section */

/* Begin XCConfigurationList section */
		75BEF6561FE0E203003DCBCB /* Build configuration list for PBXProject "Firelink" */ = {
			isa = XCConfigurationList;
			buildConfigurations = (
				75BEF66B1FE0E203003DCBCB /* Debug */,
				75BEF66C1FE0E203003DCBCB /* Release */,
			);
			defaultConfigurationIsVisible = 0;
			defaultConfigurationName = Release;
		};
		75BEF66D1FE0E203003DCBCB /* Build configuration list for PBXNativeTarget "Firelink" */ = {
			isa = XCConfigurationList;
			buildConfigurations = (
				75BEF66E1FE0E203003DCBCB /* Debug */,
				75BEF66F1FE0E203003DCBCB /* Release */,
			);
			defaultConfigurationIsVisible = 0;
			defaultConfigurationName = Release;
		};
		AD01A996215CA38700497BA8 /* Build configuration list for PBXNativeTarget "FirelinkTests" */ = {
			isa = XCConfigurationList;
			buildConfigurations = (
				AD01A997215CA38700497BA8 /* Debug */,
				AD01A998215CA38700497BA8 /* Release */,
			);
			defaultConfigurationIsVisible = 0;
			defaultConfigurationName = Release;
		};
/* End XCConfigurationList section */
	};
	rootObject = 75BEF6531FE0E203003DCBCB /* Project object */;
}
